
Microsoft Visual Studio Solution File, Format Version 12.00
# Visual Studio Version 16
VisualStudioVersion = 16.0.34931.43
MinimumVisualStudioVersion = 10.0.40219.1
Project("{FAE04EC0-301F-11D3-BF4B-00C04F79EFBC}") = "ConsoleApp1", "ConsoleApp1.csproj", "{F97E6CAE-0D7C-4004-9685-4AB0AE46DDD5}"
EndProject
Global
	GlobalSection(SolutionConfigurationPlatforms) = preSolution
		Debug|Any CPU = Debug|Any CPU
		Release|Any CPU = Release|Any CPU
	EndGlobalSection
	GlobalSection(ProjectConfigurationPlatforms) = postSolution
		{F97E6CAE-0D7C-4004-9685-4AB0AE46DDD5}.Debug|Any CPU.ActiveCfg = Debug|Any CPU
		{F97E6CAE-0D7C-4004-9685-4AB0AE46DDD5}.Debug|Any CPU.Build.0 = Debug|Any CPU
		{F97E6CAE-0D7C-4004-9685-4AB0AE46DDD5}.Release|Any CPU.ActiveCfg = Release|Any CPU
		{F97E6CAE-0D7C-4004-9685-4AB0AE46DDD5}.Release|Any CPU.Build.0 = Release|Any CPU
	EndGlobalSection
	GlobalSection(SolutionProperties) = preSolution
		HideSolutionNode = FALSE
	EndGlobalSection
	GlobalSection(ExtensibilityGlobals) = postSolution
		SolutionGuid = {A452299B-2B33-4F87-B6A1-718799923047}
	EndGlobalSection
EndGlobal
